
Microsoft Visual Studio Solution File, Format Version 12.00
# Visual Studio Version 17
VisualStudioVersion = 17.0.31903.59
MinimumVisualStudioVersion = 10.0.40219.1
Project("{2150E333-8FDC-42A3-9474-1A3956D46DE8}") = "src", "src", "{6255FC2D-3C2A-46CF-84FF-4C1860895F16}"
EndProject
Project("{F2A71F9B-5D33-465A-A702-920D77279786}") = "Fabulous.Maui", "src\Fabulous.Maui\Fabulous.Maui.fsproj", "{43C59611-F941-4F99-AA53-7DAC43E2A80A}"
EndProject
Project("{2150E333-8FDC-42A3-9474-1A3956D46DE8}") = "samples", "samples", "{A2CFF48D-2180-464A-ADB2-67254AEB4BD5}"
EndProject
Project("{F2A71F9B-5D33-465A-A702-920D77279786}") = "CounterApp", "samples\CounterApp\CounterApp.fsproj", "{EA9333F1-4603-49E5-B841-1726D47FF16C}"
EndProject
Project("{2150E333-8FDC-42A3-9474-1A3956D46DE8}") = "_Solution files", "_Solution files", "{25B83FB1-6274-4120-BD4D-DCB98F3CA90B}"
	ProjectSection(SolutionItems) = preProject
		README.md = README.md
		.gitignore = .gitignore
		Directory.Build.props = Directory.Build.props
		Directory.Packages.props = Directory.Packages.props
	EndProjectSection
EndProject
Project("{FAE04EC0-301F-11D3-BF4B-00C04F79EFBC}") = "Fabulous.Maui.Controls", "src\Fabulous.Maui.Controls\Fabulous.Maui.Controls.csproj", "{C5F1990F-0E4A-4619-B3B9-CB65856C7AF8}"
EndProject
Project("{FAE04EC0-301F-11D3-BF4B-00C04F79EFBC}") = "Microsoft.Maui.FabCompat", "src\Microsoft.Maui.FabCompat\Microsoft.Maui.FabCompat.csproj", "{FC3662D3-CBC9-4CEF-825C-EA40CFAF475E}"
EndProject
Project("{F2A71F9B-5D33-465A-A702-920D77279786}") = "HelloWorld", "samples\HelloWorld\HelloWorld.fsproj", "{05730BDC-A8BD-4E8E-8832-54D25A789330}"
EndProject
Global
	GlobalSection(SolutionConfigurationPlatforms) = preSolution
		Debug|Any CPU = Debug|Any CPU
		Release|Any CPU = Release|Any CPU
	EndGlobalSection
	GlobalSection(SolutionProperties) = preSolution
		HideSolutionNode = FALSE
	EndGlobalSection
	GlobalSection(ProjectConfigurationPlatforms) = postSolution
		{43C59611-F941-4F99-AA53-7DAC43E2A80A}.Debug|Any CPU.ActiveCfg = Debug|Any CPU
		{43C59611-F941-4F99-AA53-7DAC43E2A80A}.Debug|Any CPU.Build.0 = Debug|Any CPU
		{43C59611-F941-4F99-AA53-7DAC43E2A80A}.Release|Any CPU.ActiveCfg = Release|Any CPU
		{43C59611-F941-4F99-AA53-7DAC43E2A80A}.Release|Any CPU.Build.0 = Release|Any CPU
		{EA9333F1-4603-49E5-B841-1726D47FF16C}.Debug|Any CPU.ActiveCfg = Debug|Any CPU
		{EA9333F1-4603-49E5-B841-1726D47FF16C}.Debug|Any CPU.Build.0 = Debug|Any CPU
		{EA9333F1-4603-49E5-B841-1726D47FF16C}.Release|Any CPU.ActiveCfg = Release|Any CPU
		{EA9333F1-4603-49E5-B841-1726D47FF16C}.Release|Any CPU.Build.0 = Release|Any CPU
		{C5F1990F-0E4A-4619-B3B9-CB65856C7AF8}.Debug|Any CPU.ActiveCfg = Debug|Any CPU
		{C5F1990F-0E4A-4619-B3B9-CB65856C7AF8}.Debug|Any CPU.Build.0 = Debug|Any CPU
		{C5F1990F-0E4A-4619-B3B9-CB65856C7AF8}.Release|Any CPU.ActiveCfg = Release|Any CPU
		{C5F1990F-0E4A-4619-B3B9-CB65856C7AF8}.Release|Any CPU.Build.0 = Release|Any CPU
		{FC3662D3-CBC9-4CEF-825C-EA40CFAF475E}.Debug|Any CPU.ActiveCfg = Debug|Any CPU
		{FC3662D3-CBC9-4CEF-825C-EA40CFAF475E}.Debug|Any CPU.Build.0 = Debug|Any CPU
		{FC3662D3-CBC9-4CEF-825C-EA40CFAF475E}.Release|Any CPU.ActiveCfg = Release|Any CPU
		{FC3662D3-CBC9-4CEF-825C-EA40CFAF475E}.Release|Any CPU.Build.0 = Release|Any CPU
		{05730BDC-A8BD-4E8E-8832-54D25A789330}.Debug|Any CPU.ActiveCfg = Debug|Any CPU
		{05730BDC-A8BD-4E8E-8832-54D25A789330}.Debug|Any CPU.Build.0 = Debug|Any CPU
		{05730BDC-A8BD-4E8E-8832-54D25A789330}.Release|Any CPU.ActiveCfg = Release|Any CPU
		{05730BDC-A8BD-4E8E-8832-54D25A789330}.Release|Any CPU.Build.0 = Release|Any CPU
	EndGlobalSection
	GlobalSection(NestedProjects) = preSolution
		{43C59611-F941-4F99-AA53-7DAC43E2A80A} = {6255FC2D-3C2A-46CF-84FF-4C1860895F16}
		{EA9333F1-4603-49E5-B841-1726D47FF16C} = {A2CFF48D-2180-464A-ADB2-67254AEB4BD5}
		{C5F1990F-0E4A-4619-B3B9-CB65856C7AF8} = {6255FC2D-3C2A-46CF-84FF-4C1860895F16}
		{FC3662D3-CBC9-4CEF-825C-EA40CFAF475E} = {6255FC2D-3C2A-46CF-84FF-4C1860895F16}
		{05730BDC-A8BD-4E8E-8832-54D25A789330} = {A2CFF48D-2180-464A-ADB2-67254AEB4BD5}
	EndGlobalSection
EndGlobal
